PODS:
  - Kingfisher (5.10.1):
    - Kingfisher/Core (= 5.10.1)
  - Kingfisher/Core (5.10.1)

DEPENDENCIES:
  - Kingfisher

SPEC REPOS:
  trunk:
    - Kingfisher

SPEC CHECKSUMS:
  Kingfisher: eb36b7dfcc78d60877051c92c119a2865972961a

PODFILE CHECKSUM: 67bf8b1d553c0668046cc5570b64352d4eaaa265

COCOAPODS: 1.8.4
