// !$*UTF8*$!
{
	archiveVersion = 1;
	classes = {
	};
	objectVersion = 55;
	objects = {

/* Begin PBXBuildFile section */
		A43E2068273D40510018AFD7 /* GetStartAsyncAwaitApp.swift in Sources */ = {isa = PBXBuildFile; fileRef = A43E2067273D40510018AFD7 /* GetStartAsyncAwaitApp.swift */; };
		A43E206A273D40510018AFD7 /* ContentView.swift in Sources */ = {isa = PBXBuildFile; fileRef = A43E2069273D40510018AFD7 /* ContentView.swift */; };
		A43E206C273D40530018AFD7 /* Assets.xcassets in Resources */ = {isa = PBXBuildFile; fileRef = A43E206B273D40530018AFD7 /* Assets.xcassets */; };
		A43E206F273D40530018AFD7 /* Preview Assets.xcassets in Resources */ = {isa = PBXBuildFile; fileRef = A43E206E273D40530018AFD7 /* Preview Assets.xcassets */; };
		A43E2076273D58760018AFD7 /* Webservice.swift in Sources */ = {isa = PBXBuildFile; fileRef = A43E2075273D58760018AFD7 /* Webservice.swift */; };
		A43E2078273D58C20018AFD7 /* DateFormatter+Extensions.swift in Sources */ = {isa = PBXBuildFile; fileRef = A43E2077273D58C20018AFD7 /* DateFormatter+Extensions.swift */; };
		A43E207A273D58CF0018AFD7 /* CurrentDate.swift in Sources */ = {isa = PBXBuildFile; fileRef = A43E2079273D58CF0018AFD7 /* CurrentDate.swift */; };
		A43E2081273D59820018AFD7 /* CurrentDateViewModel.swift in Sources */ = {isa = PBXBuildFile; fileRef = A43E2080273D59820018AFD7 /* CurrentDateViewModel.swift */; };
/* End PBXBuildFile section */

/* Begin PBXFileReference section */
		A43E2064273D40510018AFD7 /* GetStartAsyncAwait.app */ = {isa = PBXFileReference; explicitFileType = wrapper.application; includeInIndex = 0; path = GetStartAsyncAwait.app; sourceTree = BUILT_PRODUCTS_DIR; };
		A43E2067273D40510018AFD7 /* GetStartAsyncAwaitApp.swift */ = {isa = PBXFileReference; lastKnownFileType = sourcecode.swift; path = GetStartAsyncAwaitApp.swift; sourceTree = "<group>"; };
		A43E2069273D40510018AFD7 /* ContentView.swift */ = {isa = PBXFileReference; lastKnownFileType = sourcecode.swift; path = ContentView.swift; sourceTree = "<group>"; };
		A43E206B273D40530018AFD7 /* Assets.xcassets */ = {isa = PBXFileReference; lastKnownFileType = folder.assetcatalog; path = Assets.xcassets; sourceTree = "<group>"; };
		A43E206E273D40530018AFD7 /* Preview Assets.xcassets */ = {isa = PBXFileReference; lastKnownFileType = folder.assetcatalog; path = "Preview Assets.xcassets"; sourceTree = "<group>"; };
		A43E2075273D58760018AFD7 /* Webservice.swift */ = {isa = PBXFileReference; lastKnownFileType = sourcecode.swift; path = Webservice.swift; sourceTree = "<group>"; };
		A43E2077273D58C20018AFD7 /* DateFormatter+Extensions.swift */ = {isa = PBXFileReference; lastKnownFileType = sourcecode.swift; path = "DateFormatter+Extensions.swift"; sourceTree = "<group>"; };
		A43E2079273D58CF0018AFD7 /* CurrentDate.swift */ = {isa = PBXFileReference; lastKnownFileType = sourcecode.swift; path = CurrentDate.swift; sourceTree = "<group>"; };
		A43E2080273D59820018AFD7 /* CurrentDateViewModel.swift */ = {isa = PBXFileReference; lastKnownFileType = sourcecode.swift; path = CurrentDateViewModel.swift; sourceTree = "<group>"; };
/* End PBXFileReference section */

/* Begin PBXFrameworksBuildPhase section */
		A43E2061273D40500018AFD7 /* Frameworks */ = {
			isa = PBXFrameworksBuildPhase;
			buildActionMask = 2147483647;
			files = (
			);
			runOnlyForDeploymentPostprocessing = 0;
		};
/* End PBXFrameworksBuildPhase section */

/* Begin PBXGroup section */
		A43E205B273D40500018AFD7 = {
			isa = PBXGroup;
			children = (
				A43E2066273D40510018AFD7 /* GetStartAsyncAwait */,
				A43E2065273D40510018AFD7 /* Products */,
			);
			sourceTree = "<group>";
		};
		A43E2065273D40510018AFD7 /* Products */ = {
			isa = PBXGroup;
			children = (
				A43E2064273D40510018AFD7 /* GetStartAsyncAwait.app */,
			);
			name = Products;
			sourceTree = "<group>";
		};
		A43E2066273D40510018AFD7 /* GetStartAsyncAwait */ = {
			isa = PBXGroup;
			children = (
				A43E207F273D59760018AFD7 /* ViewModel */,
				A43E207E273D58FD0018AFD7 /* Service */,
				A43E207D273D58EE0018AFD7 /* View */,
				A43E207C273D58E60018AFD7 /* Model */,
				A43E207B273D58DE0018AFD7 /* Extensions */,
				A43E2067273D40510018AFD7 /* GetStartAsyncAwaitApp.swift */,
				A43E206B273D40530018AFD7 /* Assets.xcassets */,
				A43E206D273D40530018AFD7 /* Preview Content */,
			);
			path = GetStartAsyncAwait;
			sourceTree = "<group>";
		};
		A43E206D273D40530018AFD7 /* Preview Content */ = {
			isa = PBXGroup;
			children = (
				A43E206E273D40530018AFD7 /* Preview Assets.xcassets */,
			);
			path = "Preview Content";
			sourceTree = "<group>";
		};
		A43E207B273D58DE0018AFD7 /* Extensions */ = {
			isa = PBXGroup;
			children = (
				A43E2077273D58C20018AFD7 /* DateFormatter+Extensions.swift */,
			);
			path = Extensions;
			sourceTree = "<group>";
		};
		A43E207C273D58E60018AFD7 /* Model */ = {
			isa = PBXGroup;
			children = (
				A43E2079273D58CF0018AFD7 /* CurrentDate.swift */,
			);
			path = Model;
			sourceTree = "<group>";
		};
		A43E207D273D58EE0018AFD7 /* View */ = {
			isa = PBXGroup;
			children = (
				A43E2069273D40510018AFD7 /* ContentView.swift */,
			);
			path = View;
			sourceTree = "<group>";
		};
		A43E207E273D58FD0018AFD7 /* Service */ = {
			isa = PBXGroup;
			children = (
				A43E2075273D58760018AFD7 /* Webservice.swift */,
			);
			path = Service;
			sourceTree = "<group>";
		};
		A43E207F273D59760018AFD7 /* ViewModel */ = {
			isa = PBXGroup;
			children = (
				A43E2080273D59820018AFD7 /* CurrentDateViewModel.swift */,
			);
			path = ViewModel;
			sourceTree = "<group>";
		};
/* End PBXGroup section */

/* Begin PBXNativeTarget section */
		A43E2063273D40500018AFD7 /* GetStartAsyncAwait */ = {
			isa = PBXNativeTarget;
			buildConfigurationList = A43E2072273D40530018AFD7 /* Build configuration list for PBXNativeTarget "GetStartAsyncAwait" */;
			buildPhases = (
				A43E2060273D40500018AFD7 /* Sources */,
				A43E2061273D40500018AFD7 /* Frameworks */,
				A43E2062273D40500018AFD7 /* Resources */,
			);
			buildRules = (
			);
			dependencies = (
			);
			name = GetStartAsyncAwait;
			productName = GetStartAsyncAwait;
			productReference = A43E2064273D40510018AFD7 /* GetStartAsyncAwait.app */;
			productType = "com.apple.product-type.application";
		};
/* End PBXNativeTarget section */

/* Begin PBXProject section */
		A43E205C273D40500018AFD7 /* Project object */ = {
			isa = PBXProject;
			attributes = {
				BuildIndependentTargetsInParallel = 1;
				LastSwiftUpdateCheck = 1300;
				LastUpgradeCheck = 1300;
				TargetAttributes = {
					A43E2063273D40500018AFD7 = {
						CreatedOnToolsVersion = 13.0;
					};
				};
			};
			buildConfigurationList = A43E205F273D40500018AFD7 /* Build configuration list for PBXProject "GetStartAsyncAwait" */;
			compatibilityVersion = "Xcode 13.0";
			developmentRegion = en;
			hasScannedForEncodings = 0;
			knownRegions = (
				en,
				Base,
			);
			mainGroup = A43E205B273D40500018AFD7;
			productRefGroup = A43E2065273D40510018AFD7 /* Products */;
			projectDirPath = "";
			projectRoot = "";
			targets = (
				A43E2063273D40500018AFD7 /* GetStartAsyncAwait */,
			);
		};
/* End PBXProject section */

/* Begin PBXResourcesBuildPhase section */
		A43E2062273D40500018AFD7 /* Resources */ = {
			isa = PBXResourcesBuildPhase;
			buildActionMask = 2147483647;
			files = (
				A43E206F273D40530018AFD7 /* Preview Assets.xcassets in Resources */,
				A43E206C273D40530018AFD7 /* Assets.xcassets in Resources */,
			);
			runOnlyForDeploymentPostprocessing = 0;
		};
/* End PBXResourcesBuildPhase section */

/* Begin PBXSourcesBuildPhase section */
		A43E2060273D40500018AFD7 /* Sources */ = {
			isa = PBXSourcesBuildPhase;
			buildActionMask = 2147483647;
			files = (
				A43E206A273D40510018AFD7 /* ContentView.swift in Sources */,
				A43E2068273D40510018AFD7 /* GetStartAsyncAwaitApp.swift in Sources */,
				A43E2081273D59820018AFD7 /* CurrentDateViewModel.swift in Sources */,
				A43E2078273D58C20018AFD7 /* DateFormatter+Extensions.swift in Sources */,
				A43E207A273D58CF0018AFD7 /* CurrentDate.swift in Sources */,
				A43E2076273D58760018AFD7 /* Webservice.swift in Sources */,
			);
			runOnlyForDeploymentPostprocessing = 0;
		};
/* End PBXSourcesBuildPhase section */

/* Begin XCBuildConfiguration section */
		A43E2070273D40530018AFD7 /* Debug */ = {
			isa = XCBuildConfiguration;
			buildSettings = {
				ALWAYS_SEARCH_USER_PATHS = NO;
				CLANG_ANALYZER_NONNULL = YES;
				CLANG_ANALYZER_NUMBER_OBJECT_CONVERSION = YES_AGGRESSIVE;
				CLANG_CXX_LANGUAGE_STANDARD = "gnu++14";
				CLANG_CXX_LIBRARY = "libc++";
				CLANG_ENABLE_MODULES = YES;
				CLANG_ENABLE_OBJC_ARC = YES;
				CLANG_ENABLE_OBJC_WEAK = YES;
				CLANG_WARN_BLOCK_CAPTURE_AUTORELEASING = YES;
				CLANG_WARN_BOOL_CONVERSION = YES;
				CLANG_WARN_COMMA = YES;
				CLANG_WARN_CONSTANT_CONVERSION = YES;
				CLANG_WARN_DEPRECATED_OBJC_IMPLEMENTATIONS = YES;
				CLANG_WARN_DIRECT_OBJC_ISA_USAGE = YES_ERROR;
				CLANG_WARN_DOCUMENTATION_COMMENTS = YES;
				CLANG_WARN_EMPTY_BODY = YES;
				CLANG_WARN_ENUM_CONVERSION = YES;
				CLANG_WARN_INFINITE_RECURSION = YES;
				CLANG_WARN_INT_CONVERSION = YES;
				CLANG_WARN_NON_LITERAL_NULL_CONVERSION = YES;
				CLANG_WARN_OBJC_IMPLICIT_RETAIN_SELF = YES;
				CLANG_WARN_OBJC_LITERAL_CONVERSION = YES;
				CLANG_WARN_OBJC_ROOT_CLASS = YES_ERROR;
				CLANG_WARN_QUOTED_INCLUDE_IN_FRAMEWORK_HEADER = YES;
				CLANG_WARN_RANGE_LOOP_ANALYSIS = YES;
				CLANG_WARN_STRICT_PROTOTYPES = YES;
				CLANG_WARN_SUSPICIOUS_MOVE = YES;
				CLANG_WARN_UNGUARDED_AVAILABILITY = YES_AGGRESSIVE;
				CLANG_WARN_UNREACHABLE_CODE = YES;
				CLANG_WARN__DUPLICATE_METHOD_MATCH = YES;
				COPY_PHASE_STRIP = NO;
				DEBUG_INFORMATION_FORMAT = dwarf;
				ENABLE_STRICT_OBJC_MSGSEND = YES;
				ENABLE_TESTABILITY = YES;
				GCC_C_LANGUAGE_STANDARD = gnu11;
				GCC_DYNAMIC_NO_PIC = NO;
				GCC_NO_COMMON_BLOCKS = YES;
				GCC_OPTIMIZATION_LEVEL = 0;
				GCC_PREPROCESSOR_DEFINITIONS = (
					"DEBUG=1",
					"$(inherited)",
				);
				GCC_WARN_64_TO_32_BIT_CONVERSION = YES;
				GCC_WARN_ABOUT_RETURN_TYPE = YES_ERROR;
				GCC_WARN_UNDECLARED_SELECTOR = YES;
				GCC_WARN_UNINITIALIZED_AUTOS = YES_AGGRESSIVE;
				GCC_WARN_UNUSED_FUNCTION = YES;
				GCC_WARN_UNUSED_VARIABLE = YES;
				IPHONEOS_DEPLOYMENT_TARGET = 15.0;
				MTL_ENABLE_DEBUG_INFO = INCLUDE_SOURCE;
				MTL_FAST_MATH = YES;
				ONLY_ACTIVE_ARCH = YES;
				SDKROOT = iphoneos;
				SWIFT_ACTIVE_COMPILATION_CONDITIONS = DEBUG;
				SWIFT_OPTIMIZATION_LEVEL = "-Onone";
			};
			name = Debug;
		};
		A43E2071273D40530018AFD7 /* Release */ = {
			isa = XCBuildConfiguration;
			buildSettings = {
				ALWAYS_SEARCH_USER_PATHS = NO;
				CLANG_ANALYZER_NONNULL = YES;
				CLANG_ANALYZER_NUMBER_OBJECT_CONVERSION = YES_AGGRESSIVE;
				CLANG_CXX_LANGUAGE_STANDARD = "gnu++14";
				CLANG_CXX_LIBRARY = "libc++";
				CLANG_ENABLE_MODULES = YES;
				CLANG_ENABLE_OBJC_ARC = YES;
				CLANG_ENABLE_OBJC_WEAK = YES;
				CLANG_WARN_BLOCK_CAPTURE_AUTORELEASING = YES;
				CLANG_WARN_BOOL_CONVERSION = YES;
				CLANG_WARN_COMMA = YES;
				CLANG_WARN_CONSTANT_CONVERSION = YES;
				CLANG_WARN_DEPRECATED_OBJC_IMPLEMENTATIONS = YES;
				CLANG_WARN_DIRECT_OBJC_ISA_USAGE = YES_ERROR;
				CLANG_WARN_DOCUMENTATION_COMMENTS = YES;
				CLANG_WARN_EMPTY_BODY = YES;
				CLANG_WARN_ENUM_CONVERSION = YES;
				CLANG_WARN_INFINITE_RECURSION = YES;
				CLANG_WARN_INT_CONVERSION = YES;
				CLANG_WARN_NON_LITERAL_NULL_CONVERSION = YES;
				CLANG_WARN_OBJC_IMPLICIT_RETAIN_SELF = YES;
				CLANG_WARN_OBJC_LITERAL_CONVERSION = YES;
				CLANG_WARN_OBJC_ROOT_CLASS = YES_ERROR;
				CLANG_WARN_QUOTED_INCLUDE_IN_FRAMEWORK_HEADER = YES;
				CLANG_WARN_RANGE_LOOP_ANALYSIS = YES;
				CLANG_WARN_STRICT_PROTOTYPES = YES;
				CLANG_WARN_SUSPICIOUS_MOVE = YES;
				CLANG_WARN_UNGUARDED_AVAILABILITY = YES_AGGRESSIVE;
				CLANG_WARN_UNREACHABLE_CODE = YES;
				CLANG_WARN__DUPLICATE_METHOD_MATCH = YES;
				COPY_PHASE_STRIP = NO;
				DEBUG_INFORMATION_FORMAT = "dwarf-with-dsym";
				ENABLE_NS_ASSERTIONS = NO;
				ENABLE_STRICT_OBJC_MSGSEND = YES;
				GCC_C_LANGUAGE_STANDARD = gnu11;
				GCC_NO_COMMON_BLOCKS = YES;
				GCC_WARN_64_TO_32_BIT_CONVERSION = YES;
				GCC_WARN_ABOUT_RETURN_TYPE = YES_ERROR;
				GCC_WARN_UNDECLARED_SELECTOR = YES;
				GCC_WARN_UNINITIALIZED_AUTOS = YES_AGGRESSIVE;
				GCC_WARN_UNUSED_FUNCTION = YES;
				GCC_WARN_UNUSED_VARIABLE = YES;
				IPHONEOS_DEPLOYMENT_TARGET = 15.0;
				MTL_ENABLE_DEBUG_INFO = NO;
				MTL_FAST_MATH = YES;
				SDKROOT = iphoneos;
				SWIFT_COMPILATION_MODE = wholemodule;
				SWIFT_OPTIMIZATION_LEVEL = "-O";
				VALIDATE_PRODUCT = YES;
			};
			name = Release;
		};
		A43E2073273D40530018AFD7 /* Debug */ = {
			isa = XCBuildConfiguration;
			buildSettings = {
				ASSETCATALOG_COMPILER_APPICON_NAME = AppIcon;
				ASSETCATALOG_COMPILER_GLOBAL_ACCENT_COLOR_NAME = AccentColor;
				CODE_SIGN_STYLE = Automatic;
				CURRENT_PROJECT_VERSION = 1;
				DEVELOPMENT_ASSET_PATHS = "\"GetStartAsyncAwait/Preview Content\"";
				ENABLE_PREVIEWS = YES;
				GENERATE_INFOPLIST_FILE = YES;
				INFOPLIST_KEY_UIApplicationSceneManifest_Generation = YES;
				INFOPLIST_KEY_UIApplicationSupportsIndirectInputEvents = YES;
				INFOPLIST_KEY_UILaunchScreen_Generation = YES;
				INFOPLIST_KEY_UISupportedInterfaceOrientations_iPad = "UIInterfaceOrientationPortrait UIInterfaceOrientationPortraitUpsideDown UIInterfaceOrientationLandscapeLeft UIInterfaceOrientationLandscapeRight";
				INFOPLIST_KEY_UISupportedInterfaceOrientations_iPhone = "UIInterfaceOrientationPortrait UIInterfaceOrientationLandscapeLeft UIInterfaceOrientationLandscapeRight";
				IPHONEOS_DEPLOYMENT_TARGET = 15.0;
				LD_RUNPATH_SEARCH_PATHS = (
					"$(inherited)",
					"@executable_path/Frameworks",
				);
				MARKETING_VERSION = 1.0;
				PRODUCT_BUNDLE_IDENTIFIER = "Luna-Software-Development.GetStartAsyncAwait";
				PRODUCT_NAME = "$(TARGET_NAME)";
				SWIFT_EMIT_LOC_STRINGS = YES;
				SWIFT_VERSION = 5.0;
				TARGETED_DEVICE_FAMILY = "1,2";
			};
			name = Debug;
		};
		A43E2074273D40530018AFD7 /* Release */ = {
			isa = XCBuildConfiguration;
			buildSettings = {
				ASSETCATALOG_COMPILER_APPICON_NAME = AppIcon;
				ASSETCATALOG_COMPILER_GLOBAL_ACCENT_COLOR_NAME = AccentColor;
				CODE_SIGN_STYLE = Automatic;
				CURRENT_PROJECT_VERSION = 1;
				DEVELOPMENT_ASSET_PATHS = "\"GetStartAsyncAwait/Preview Content\"";
				ENABLE_PREVIEWS = YES;
				GENERATE_INFOPLIST_FILE = YES;
				INFOPLIST_KEY_UIApplicationSceneManifest_Generation = YES;
				INFOPLIST_KEY_UIApplicationSupportsIndirectInputEvents = YES;
				INFOPLIST_KEY_UILaunchScreen_Generation = YES;
				INFOPLIST_KEY_UISupportedInterfaceOrientations_iPad = "UIInterfaceOrientationPortrait UIInterfaceOrientationPortraitUpsideDown UIInterfaceOrientationLandscapeLeft UIInterfaceOrientationLandscapeRight";
				INFOPLIST_KEY_UISupportedInterfaceOrientations_iPhone = "UIInterfaceOrientationPortrait UIInterfaceOrientationLandscapeLeft UIInterfaceOrientationLandscapeRight";
				IPHONEOS_DEPLOYMENT_TARGET = 15.0;
				LD_RUNPATH_SEARCH_PATHS = (
					"$(inherited)",
					"@executable_path/Frameworks",
				);
				MARKETING_VERSION = 1.0;
				PRODUCT_BUNDLE_IDENTIFIER = "Luna-Software-Development.GetStartAsyncAwait";
				PRODUCT_NAME = "$(TARGET_NAME)";
				SWIFT_EMIT_LOC_STRINGS = YES;
				SWIFT_VERSION = 5.0;
				TARGETED_DEVICE_FAMILY = "1,2";
			};
			name = Release;
		};
/* End XCBuildConfiguration section */

/* Begin XCConfigurationList section */
		A43E205F273D40500018AFD7 /* Build configuration list for PBXProject "GetStartAsyncAwait" */ = {
			isa = XCConfigurationList;
			buildConfigurations = (
				A43E2070273D40530018AFD7 /* Debug */,
				A43E2071273D40530018AFD7 /* Release */,
			);
			defaultConfigurationIsVisible = 0;
			defaultConfigurationName = Release;
		};
		A43E2072273D40530018AFD7 /* Build configuration list for PBXNativeTarget "GetStartAsyncAwait" */ = {
			isa = XCConfigurationList;
			buildConfigurations = (
				A43E2073273D40530018AFD7 /* Debug */,
				A43E2074273D40530018AFD7 /* Release */,
			);
			defaultConfigurationIsVisible = 0;
			defaultConfigurationName = Release;
		};
/* End XCConfigurationList section */
	};
	rootObject = A43E205C273D40500018AFD7 /* Project object */;
}
